// !$*UTF8*$!
{
	archiveVersion = 1;
	classes = {
	};
	objectVersion = 46;
	objects = {

/* Begin PBXBuildFile section */
		02544C311DB79928003DAA85 /* AppDelegate.swift in Sources */ = {isa = PBXBuildFile; fileRef = 02544C301DB79928003DAA85 /* AppDelegate.swift */; };
		02544C331DB79928003DAA85 /* ViewController.swift in Sources */ = {isa = PBXBuildFile; fileRef = 02544C321DB79928003DAA85 /* ViewController.swift */; };
		02544C361DB79928003DAA85 /* Main.storyboard in Resources */ = {isa = PBXBuildFile; fileRef = 02544C341DB79928003DAA85 /* Main.storyboard */; };
		02544C381DB79928003DAA85 /* Assets.xcassets in Resources */ = {isa = PBXBuildFile; fileRef = 02544C371DB79928003DAA85 /* Assets.xcassets */; };
		02544C3B1DB79928003DAA85 /* LaunchScreen.storyboard in Resources */ = {isa = PBXBuildFile; fileRef = 02544C391DB79928003DAA85 /* LaunchScreen.storyboard */; };
/* End PBXBuildFile section */

/* Begin PBXFileReference section */
		02544C2D1DB79928003DAA85 /* Table_class_1019.app */ = {isa = PBXFileReference; explicitFileType = wrapper.application; includeInIndex = 0; path = Table_class_1019.app; sourceTree = BUILT_PRODUCTS_DIR; };
		02544C301DB79928003DAA85 /* AppDelegate.swift */ = {isa = PBXFileReference; lastKnownFileType = sourcecode.swift; path = AppDelegate.swift; sourceTree = "<group>"; };
		02544C321DB79928003DAA85 /* ViewController.swift */ = {isa = PBXFileReference; lastKnownFileType = sourcecode.swift; path = ViewController.swift; sourceTree = "<group>"; };
		02544C351DB79928003DAA85 /* Base */ = {isa = PBXFileReference; lastKnownFileType = file.storyboard; name = Base; path = Base.lproj/Main.storyboard; sourceTree = "<group>"; };
		02544C371DB79928003DAA85 /* Assets.xcassets */ = {isa = PBXFileReference; lastKnownFileType = folder.assetcatalog; path = Assets.xcassets; sourceTree = "<group>"; };
		02544C3A1DB79928003DAA85 /* Base */ = {isa = PBXFileReference; lastKnownFileType = file.storyboard; name = Base; path = Base.lproj/LaunchScreen.storyboard; sourceTree = "<group>"; };
		02544C3C1DB79928003DAA85 /* Info.plist */ = {isa = PBXFileReference; lastKnownFileType = text.plist.xml; path = Info.plist; sourceTree = "<group>"; };
/* End PBXFileReference section */

/* Begin PBXFrameworksBuildPhase section */
		02544C2A1DB79928003DAA85 /* Frameworks */ = {
			isa = PBXFrameworksBuildPhase;
			buildActionMask = 2147483647;
			files = (
			);
			runOnlyForDeploymentPostprocessing = 0;
		};
/* End PBXFrameworksBuildPhase section */

/* Begin PBXGroup section */
		02544C241DB79928003DAA85 = {
			isa = PBXGroup;
			children = (
				02544C2F1DB79928003DAA85 /* Table_class_1019 */,
				02544C2E1DB79928003DAA85 /* Products */,
			);
			sourceTree = "<group>";
		};
		02544C2E1DB79928003DAA85 /* Products */ = {
			isa = PBXGroup;
			children = (
				02544C2D1DB79928003DAA85 /* Table_class_1019.app */,
			);
			name = Products;
			sourceTree = "<group>";
		};
		02544C2F1DB79928003DAA85 /* Table_class_1019 */ = {
			isa = PBXGroup;
			children = (
				02544C301DB79928003DAA85 /* AppDelegate.swift */,
				02544C321DB79928003DAA85 /* ViewController.swift */,
				02544C341DB79928003DAA85 /* Main.storyboard */,
				02544C371DB79928003DAA85 /* Assets.xcassets */,
				02544C391DB79928003DAA85 /* LaunchScreen.storyboard */,
				02544C3C1DB79928003DAA85 /* Info.plist */,
			);
			path = Table_class_1019;
			sourceTree = "<group>";
		};
/* End PBXGroup section */

/* Begin PBXNativeTarget section */
		02544C2C1DB79928003DAA85 /* Table_class_1019 */ = {
			isa = PBXNativeTarget;
			buildConfigurationList = 02544C3F1DB79928003DAA85 /* Build configuration list for PBXNativeTarget "Table_class_1019" */;
			buildPhases = (
				02544C291DB79928003DAA85 /* Sources */,
				02544C2A1DB79928003DAA85 /* Frameworks */,
				02544C2B1DB79928003DAA85 /* Resources */,
			);
			buildRules = (
			);
			dependencies = (
			);
			name = Table_class_1019;
			productName = Table_class_1019;
			productReference = 02544C2D1DB79928003DAA85 /* Table_class_1019.app */;
			productType = "com.apple.product-type.application";
		};
/* End PBXNativeTarget section */

/* Begin PBXProject section */
		02544C251DB79928003DAA85 /* Project object */ = {
			isa = PBXProject;
			attributes = {
				LastSwiftUpdateCheck = 0800;
				LastUpgradeCheck = 0800;
				ORGANIZATIONNAME = "Jerome Kuo";
				TargetAttributes = {
					02544C2C1DB79928003DAA85 = {
						CreatedOnToolsVersion = 8.0;
						DevelopmentTeam = X73D3T9G92;
						ProvisioningStyle = Automatic;
					};
				};
			};
			buildConfigurationList = 02544C281DB79928003DAA85 /* Build configuration list for PBXProject "Table_class_1019" */;
			compatibilityVersion = "Xcode 3.2";
			developmentRegion = English;
			hasScannedForEncodings = 0;
			knownRegions = (
				en,
				Base,
			);
			mainGroup = 02544C241DB79928003DAA85;
			productRefGroup = 02544C2E1DB79928003DAA85 /* Products */;
			projectDirPath = "";
			projectRoot = "";
			targets = (
				02544C2C1DB79928003DAA85 /* Table_class_1019 */,
			);
		};
/* End PBXProject section */

/* Begin PBXResourcesBuildPhase section */
		02544C2B1DB79928003DAA85 /* Resources */ = {
			isa = PBXResourcesBuildPhase;
			buildActionMask = 2147483647;
			files = (
				02544C3B1DB79928003DAA85 /* LaunchScreen.storyboard in Resources */,
				02544C381DB79928003DAA85 /* Assets.xcassets in Resources */,
				02544C361DB79928003DAA85 /* Main.storyboard in Resources */,
			);
			runOnlyForDeploymentPostprocessing = 0;
		};
/* End PBXResourcesBuildPhase section */

/* Begin PBXSourcesBuildPhase section */
		02544C291DB79928003DAA85 /* Sources */ = {
			isa = PBXSourcesBuildPhase;
			buildActionMask = 2147483647;
			files = (
				02544C331DB79928003DAA85 /* ViewController.swift in Sources */,
				02544C311DB79928003DAA85 /* AppDelegate.swift in Sources */,
			);
			runOnlyForDeploymentPostprocessing = 0;
		};
/* End PBXSourcesBuildPhase section */

/* Begin PBXVariantGroup section */
		02544C341DB79928003DAA85 /* Main.storyboard */ = {
			isa = PBXVariantGroup;
			children = (
				02544C351DB79928003DAA85 /* Base */,
			);
			name = Main.storyboard;
			sourceTree = "<group>";
		};
		02544C391DB79928003DAA85 /* LaunchScreen.storyboard */ = {
			isa = PBXVariantGroup;
			children = (
				02544C3A1DB79928003DAA85 /* Base */,
			);
			name = LaunchScreen.storyboard;
			sourceTree = "<group>";
		};
/* End PBXVariantGroup section */

/* Begin XCBuildConfiguration section */
		02544C3D1DB79928003DAA85 /* Debug */ = {
			isa = XCBuildConfiguration;
			buildSettings = {
				ALWAYS_SEARCH_USER_PATHS = NO;
				CLANG_ANALYZER_NONNULL = YES;
				CLANG_CXX_LANGUAGE_STANDARD = "gnu++0x";
				CLANG_CXX_LIBRARY = "libc++";
				CLANG_ENABLE_MODULES = YES;
				CLANG_ENABLE_OBJC_ARC = YES;
				CLANG_WARN_BOOL_CONVERSION = YES;
				CLANG_WARN_CONSTANT_CONVERSION = YES;
				CLANG_WARN_DIRECT_OBJC_ISA_USAGE = YES_ERROR;
				CLANG_WARN_DOCUMENTATION_COMMENTS = YES;
				CLANG_WARN_EMPTY_BODY = YES;
				CLANG_WARN_ENUM_CONVERSION = YES;
				CLANG_WARN_INFINITE_RECURSION = YES;
				CLANG_WARN_INT_CONVERSION = YES;
				CLANG_WARN_OBJC_ROOT_CLASS = YES_ERROR;
				CLANG_WARN_SUSPICIOUS_MOVES = YES;
				CLANG_WARN_UNREACHABLE_CODE = YES;
				CLANG_WARN__DUPLICATE_METHOD_MATCH = YES;
				"CODE_SIGN_IDENTITY[sdk=iphoneos*]" = "iPhone Developer";
				COPY_PHASE_STRIP = NO;
				DEBUG_INFORMATION_FORMAT = dwarf;
				ENABLE_STRICT_OBJC_MSGSEND = YES;
				ENABLE_TESTABILITY = YES;
				GCC_C_LANGUAGE_STANDARD = gnu99;
				GCC_DYNAMIC_NO_PIC = NO;
				GCC_NO_COMMON_BLOCKS = YES;
				GCC_OPTIMIZATION_LEVEL = 0;
				GCC_PREPROCESSOR_DEFINITIONS = (
					"DEBUG=1",
					"$(inherited)",
				);
				GCC_WARN_64_TO_32_BIT_CONVERSION = YES;
				GCC_WARN_ABOUT_RETURN_TYPE = YES_ERROR;
				GCC_WARN_UNDECLARED_SELECTOR = YES;
				GCC_WARN_UNINITIALIZED_AUTOS = YES_AGGRESSIVE;
				GCC_WARN_UNUSED_FUNCTION = YES;
				GCC_WARN_UNUSED_VARIABLE = YES;
				IPHONEOS_DEPLOYMENT_TARGET = 10.0;
				MTL_ENABLE_DEBUG_INFO = YES;
				ONLY_ACTIVE_ARCH = YES;
				SDKROOT = iphoneos;
				SWIFT_ACTIVE_COMPILATION_CONDITIONS = DEBUG;
				SWIFT_OPTIMIZATION_LEVEL = "-Onone";
			};
			name = Debug;
		};
		02544C3E1DB79928003DAA85 /* Release */ = {
			isa = XCBuildConfiguration;
			buildSettings = {
				ALWAYS_SEARCH_USER_PATHS = NO;
				CLANG_ANALYZER_NONNULL = YES;
				CLANG_CXX_LANGUAGE_STANDARD = "gnu++0x";
				CLANG_CXX_LIBRARY = "libc++";
				CLANG_ENABLE_MODULES = YES;
				CLANG_ENABLE_OBJC_ARC = YES;
				CLANG_WARN_BOOL_CONVERSION = YES;
				CLANG_WARN_CONSTANT_CONVERSION = YES;
				CLANG_WARN_DIRECT_OBJC_ISA_USAGE = YES_ERROR;
				CLANG_WARN_DOCUMENTATION_COMMENTS = YES;
				CLANG_WARN_EMPTY_BODY = YES;
				CLANG_WARN_ENUM_CONVERSION = YES;
				CLANG_WARN_INFINITE_RECURSION = YES;
				CLANG_WARN_INT_CONVERSION = YES;
				CLANG_WARN_OBJC_ROOT_CLASS = YES_ERROR;
				CLANG_WARN_SUSPICIOUS_MOVES = YES;
				CLANG_WARN_UNREACHABLE_CODE = YES;
				CLANG_WARN__DUPLICATE_METHOD_MATCH = YES;
				"CODE_SIGN_IDENTITY[sdk=iphoneos*]" = "iPhone Developer";
				COPY_PHASE_STRIP = NO;
				DEBUG_INFORMATION_FORMAT = "dwarf-with-dsym";
				ENABLE_NS_ASSERTIONS = NO;
				ENABLE_STRICT_OBJC_MSGSEND = YES;
				GCC_C_LANGUAGE_STANDARD = gnu99;
				GCC_NO_COMMON_BLOCKS = YES;
				GCC_WARN_64_TO_32_BIT_CONVERSION = YES;
				GCC_WARN_ABOUT_RETURN_TYPE = YES_ERROR;
				GCC_WARN_UNDECLARED_SELECTOR = YES;
				GCC_WARN_UNINITIALIZED_AUTOS = YES_AGGRESSIVE;
				GCC_WARN_UNUSED_FUNCTION = YES;
				GCC_WARN_UNUSED_VARIABLE = YES;
				IPHONEOS_DEPLOYMENT_TARGET = 10.0;
				MTL_ENABLE_DEBUG_INFO = NO;
				SDKROOT = iphoneos;
				SWIFT_OPTIMIZATION_LEVEL = "-Owholemodule";
				VALIDATE_PRODUCT = YES;
			};
			name = Release;
		};
		02544C401DB79928003DAA85 /* Debug */ = {
			isa = XCBuildConfiguration;
			buildSettings = {
				ASSETCATALOG_COMPILER_APPICON_NAME = AppIcon;
				DEVELOPMENT_TEAM = X73D3T9G92;
				INFOPLIST_FILE = Table_class_1019/Info.plist;
				LD_RUNPATH_SEARCH_PATHS = "$(inherited) @executable_path/Frameworks";
				PRODUCT_BUNDLE_IDENTIFIER = "com.Jerome.Table-class-1019";
				PRODUCT_NAME = "$(TARGET_NAME)";
				SWIFT_VERSION = 3.0;
			};
			name = Debug;
		};
		02544C411DB79928003DAA85 /* Release */ = {
			isa = XCBuildConfiguration;
			buildSettings = {
				ASSETCATALOG_COMPILER_APPICON_NAME = AppIcon;
				DEVELOPMENT_TEAM = X73D3T9G92;
				INFOPLIST_FILE = Table_class_1019/Info.plist;
				LD_RUNPATH_SEARCH_PATHS = "$(inherited) @executable_path/Frameworks";
				PRODUCT_BUNDLE_IDENTIFIER = "com.Jerome.Table-class-1019";
				PRODUCT_NAME = "$(TARGET_NAME)";
				SWIFT_VERSION = 3.0;
			};
			name = Release;
		};
/* End XCBuildConfiguration section */

/* Begin XCConfigurationList section */
		02544C281DB79928003DAA85 /* Build configuration list for PBXProject "Table_class_1019" */ = {
			isa = XCConfigurationList;
			buildConfigurations = (
				02544C3D1DB79928003DAA85 /* Debug */,
				02544C3E1DB79928003DAA85 /* Release */,
			);
			defaultConfigurationIsVisible = 0;
			defaultConfigurationName = Release;
		};
		02544C3F1DB79928003DAA85 /* Build configuration list for PBXNativeTarget "Table_class_1019" */ = {
			isa = XCConfigurationList;
			buildConfigurations = (
				02544C401DB79928003DAA85 /* Debug */,
				02544C411DB79928003DAA85 /* Release */,
			);
			defaultConfigurationIsVisible = 0;
		};
/* End XCConfigurationList section */
	};
	rootObject = 02544C251DB79928003DAA85 /* Project object */;
}
